
Microsoft Visual Studio Solution File, Format Version 11.00
# Visual Studio 2010
Project("{FAE04EC0-301F-11D3-BF4B-00C04F79EFBC}") = "Mooie-dames", "Assembly-CSharp.csproj", "{B823F693-0944-5512-1AC2-A582D51E5000}"
EndProject
Global
	GlobalSection(SolutionConfigurationPlatforms) = preSolution
		Debug|Any CPU = Debug|Any CPU
		Release|Any CPU = Release|Any CPU
	EndGlobalSection
	GlobalSection(ProjectConfigurationPlatforms) = postSolution
		{B823F693-0944-5512-1AC2-A582D51E5000}.Debug|Any CPU.ActiveCfg = Debug|Any CPU
		{B823F693-0944-5512-1AC2-A582D51E5000}.Debug|Any CPU.Build.0 = Debug|Any CPU
		{B823F693-0944-5512-1AC2-A582D51E5000}.Release|Any CPU.ActiveCfg = Release|Any CPU
		{B823F693-0944-5512-1AC2-A582D51E5000}.Release|Any CPU.Build.0 = Release|Any CPU
	EndGlobalSection
	GlobalSection(SolutionProperties) = preSolution
		HideSolutionNode = FALSE
	EndGlobalSection
	GlobalSection(MonoDevelopProperties) = preSolution
		StartupItem = Assembly-CSharp.csproj
	EndGlobalSection
EndGlobal
